
Microsoft Visual Studio Solution File, Format Version 12.00
# Visual Studio Version 16
VisualStudioVersion = 16.0.31702.278
MinimumVisualStudioVersion = 10.0.40219.1
Project("{FAE04EC0-301F-11D3-BF4B-00C04F79EFBC}") = "FlagApp", "FlagApp\FlagApp.csproj", "{81E351D6-9DC3-451F-BA07-7C3C7B54D492}"
EndProject
Global
	GlobalSection(SolutionConfigurationPlatforms) = preSolution
		Debug|Any CPU = Debug|Any CPU
		Release|Any CPU = Release|Any CPU
	EndGlobalSection
	GlobalSection(ProjectConfigurationPlatforms) = postSolution
		{81E351D6-9DC3-451F-BA07-7C3C7B54D492}.Debug|Any CPU.ActiveCfg = Debug|Any CPU
		{81E351D6-9DC3-451F-BA07-7C3C7B54D492}.Debug|Any CPU.Build.0 = Debug|Any CPU
		{81E351D6-9DC3-451F-BA07-7C3C7B54D492}.Release|Any CPU.ActiveCfg = Release|Any CPU
		{81E351D6-9DC3-451F-BA07-7C3C7B54D492}.Release|Any CPU.Build.0 = Release|Any CPU
	EndGlobalSection
	GlobalSection(SolutionProperties) = preSolution
		HideSolutionNode = FALSE
	EndGlobalSection
	GlobalSection(ExtensibilityGlobals) = postSolution
		SolutionGuid = {605C1CCA-39CE-44D3-A646-E8D6F5E3EA4B}
	EndGlobalSection
EndGlobal
